# THIS IS AN AUTOGENERATED FILE. DO NOT EDIT THIS FILE DIRECTLY.
# yarn lockfile v1


carbon-components@^7.22.1:
  version "7.22.1"
  resolved "https://registry.yarnpkg.com/carbon-components/-/carbon-components-7.22.1.tgz#84a96a6bec26df7905c631e3569bfe881a3a2be1"
  dependencies:
    carbon-icons "^6.0.4"
    flatpickr "2.6.3"
    lodash.debounce "^4.0.8"

carbon-icons@^6.0.4:
  version "6.1.0"
  resolved "https://registry.yarnpkg.com/carbon-icons/-/carbon-icons-6.1.0.tgz#012951c20ee978060818a034099c163a9086d50e"

flatpickr@2.6.3:
  version "2.6.3"
  resolved "https://registry.yarnpkg.com/flatpickr/-/flatpickr-2.6.3.tgz#457357532deb135f3da64b425bf4435737961564"

lodash.debounce@^4.0.8:
  version "4.0.8"
  resolved "https://registry.yarnpkg.com/lodash.debounce/-/lodash.debounce-4.0.8.tgz#82d79bff30a67c4005ffd5e2515300ad9ca4d7af"
